// !$*UTF8*$!
{
	archiveVersion = 1;
	classes = {
	};
	objectVersion = 55;
	objects = {

/* Begin PBXBuildFile section */
		4727D8B227B5514200809D1E /* UI_458App.swift in Sources */ = {isa = PBXBuildFile; fileRef = 4727D8B127B5514200809D1E /* UI_458App.swift */; };
		4727D8B427B5514200809D1E /* ContentView.swift in Sources */ = {isa = PBXBuildFile; fileRef = 4727D8B327B5514200809D1E /* ContentView.swift */; };
		4727D8B627B5514200809D1E /* Assets.xcassets in Resources */ = {isa = PBXBuildFile; fileRef = 4727D8B527B5514200809D1E /* Assets.xcassets */; };
		4727D8B927B5514200809D1E /* Preview Assets.xcassets in Resources */ = {isa = PBXBuildFile; fileRef = 4727D8B827B5514200809D1E /* Preview Assets.xcassets */; };
		4727D8C327B5514300809D1E /* UI_458Tests.swift in Sources */ = {isa = PBXBuildFile; fileRef = 4727D8C227B5514300809D1E /* UI_458Tests.swift */; };
		4727D8CD27B5514300809D1E /* UI_458UITests.swift in Sources */ = {isa = PBXBuildFile; fileRef = 4727D8CC27B5514300809D1E /* UI_458UITests.swift */; };
		4727D8CF27B5514300809D1E /* UI_458UITestsLaunchTests.swift in Sources */ = {isa = PBXBuildFile; fileRef = 4727D8CE27B5514300809D1E /* UI_458UITestsLaunchTests.swift */; };
		4727D8DE27B5516600809D1E /* BodingScreen.swift in Sources */ = {isa = PBXBuildFile; fileRef = 4727D8DD27B5516600809D1E /* BodingScreen.swift */; };
		4727D8E027B551B700809D1E /* OffsetPageTabView.swift in Sources */ = {isa = PBXBuildFile; fileRef = 4727D8DF27B551B700809D1E /* OffsetPageTabView.swift */; };
		4727D8E227B553B000809D1E /* onBoard.swift in Sources */ = {isa = PBXBuildFile; fileRef = 4727D8E127B553B000809D1E /* onBoard.swift */; };
		4727D8E527B553C900809D1E /* Extencions.swift in Sources */ = {isa = PBXBuildFile; fileRef = 4727D8E427B553C900809D1E /* Extencions.swift */; };
/* End PBXBuildFile section */

/* Begin PBXContainerItemProxy section */
		4727D8BF27B5514300809D1E /* PBXContainerItemProxy */ = {
			isa = PBXContainerItemProxy;
			containerPortal = 4727D8A627B5514200809D1E /* Project object */;
			proxyType = 1;
			remoteGlobalIDString = 4727D8AD27B5514200809D1E;
			remoteInfo = "UI-458";
		};
		4727D8C927B5514300809D1E /* PBXContainerItemProxy */ = {
			isa = PBXContainerItemProxy;
			containerPortal = 4727D8A627B5514200809D1E /* Project object */;
			proxyType = 1;
			remoteGlobalIDString = 4727D8AD27B5514200809D1E;
			remoteInfo = "UI-458";
		};
/* End PBXContainerItemProxy section */

/* Begin PBXFileReference section */
		4727D8AE27B5514200809D1E /* UI-458.app */ = {isa = PBXFileReference; explicitFileType = wrapper.application; includeInIndex = 0; path = "UI-458.app"; sourceTree = BUILT_PRODUCTS_DIR; };
		4727D8B127B5514200809D1E /* UI_458App.swift */ = {isa = PBXFileReference; lastKnownFileType = sourcecode.swift; path = UI_458App.swift; sourceTree = "<group>"; };
		4727D8B327B5514200809D1E /* ContentView.swift */ = {isa = PBXFileReference; lastKnownFileType = sourcecode.swift; path = ContentView.swift; sourceTree = "<group>"; };
		4727D8B527B5514200809D1E /* Assets.xcassets */ = {isa = PBXFileReference; lastKnownFileType = folder.assetcatalog; path = Assets.xcassets; sourceTree = "<group>"; };
		4727D8B827B5514200809D1E /* Preview Assets.xcassets */ = {isa = PBXFileReference; lastKnownFileType = folder.assetcatalog; path = "Preview Assets.xcassets"; sourceTree = "<group>"; };
		4727D8BE27B5514300809D1E /* UI-458Tests.xctest */ = {isa = PBXFileReference; explicitFileType = wrapper.cfbundle; includeInIndex = 0; path = "UI-458Tests.xctest"; sourceTree = BUILT_PRODUCTS_DIR; };
		4727D8C227B5514300809D1E /* UI_458Tests.swift */ = {isa = PBXFileReference; lastKnownFileType = sourcecode.swift; path = UI_458Tests.swift; sourceTree = "<group>"; };
		4727D8C827B5514300809D1E /* UI-458UITests.xctest */ = {isa = PBXFileReference; explicitFileType = wrapper.cfbundle; includeInIndex = 0; path = "UI-458UITests.xctest"; sourceTree = BUILT_PRODUCTS_DIR; };
		4727D8CC27B5514300809D1E /* UI_458UITests.swift */ = {isa = PBXFileReference; lastKnownFileType = sourcecode.swift; path = UI_458UITests.swift; sourceTree = "<group>"; };
		4727D8CE27B5514300809D1E /* UI_458UITestsLaunchTests.swift */ = {isa = PBXFileReference; lastKnownFileType = sourcecode.swift; path = UI_458UITestsLaunchTests.swift; sourceTree = "<group>"; };
		4727D8DD27B5516600809D1E /* BodingScreen.swift */ = {isa = PBXFileReference; lastKnownFileType = sourcecode.swift; path = BodingScreen.swift; sourceTree = "<group>"; };
		4727D8DF27B551B700809D1E /* OffsetPageTabView.swift */ = {isa = PBXFileReference; lastKnownFileType = sourcecode.swift; path = OffsetPageTabView.swift; sourceTree = "<group>"; };
		4727D8E127B553B000809D1E /* onBoard.swift */ = {isa = PBXFileReference; lastKnownFileType = sourcecode.swift; path = onBoard.swift; sourceTree = "<group>"; };
		4727D8E427B553C900809D1E /* Extencions.swift */ = {isa = PBXFileReference; lastKnownFileType = sourcecode.swift; path = Extencions.swift; sourceTree = "<group>"; };
/* End PBXFileReference section */

/* Begin PBXFrameworksBuildPhase section */
		4727D8AB27B5514200809D1E /* Frameworks */ = {
			isa = PBXFrameworksBuildPhase;
			buildActionMask = 2147483647;
			files = (
			);
			runOnlyForDeploymentPostprocessing = 0;
		};
		4727D8BB27B5514300809D1E /* Frameworks */ = {
			isa = PBXFrameworksBuildPhase;
			buildActionMask = 2147483647;
			files = (
			);
			runOnlyForDeploymentPostprocessing = 0;
		};
		4727D8C527B5514300809D1E /* Frameworks */ = {
			isa = PBXFrameworksBuildPhase;
			buildActionMask = 2147483647;
			files = (
			);
			runOnlyForDeploymentPostprocessing = 0;
		};
/* End PBXFrameworksBuildPhase section */

/* Begin PBXGroup section */
		4727D8A527B5514200809D1E = {
			isa = PBXGroup;
			children = (
				4727D8B027B5514200809D1E /* UI-458 */,
				4727D8C127B5514300809D1E /* UI-458Tests */,
				4727D8CB27B5514300809D1E /* UI-458UITests */,
				4727D8AF27B5514200809D1E /* Products */,
			);
			sourceTree = "<group>";
		};
		4727D8AF27B5514200809D1E /* Products */ = {
			isa = PBXGroup;
			children = (
				4727D8AE27B5514200809D1E /* UI-458.app */,
				4727D8BE27B5514300809D1E /* UI-458Tests.xctest */,
				4727D8C827B5514300809D1E /* UI-458UITests.xctest */,
			);
			name = Products;
			sourceTree = "<group>";
		};
		4727D8B027B5514200809D1E /* UI-458 */ = {
			isa = PBXGroup;
			children = (
				4727D8E327B553BC00809D1E /* Helpers */,
				4727D8DC27B5514E00809D1E /* Model */,
				4727D8DB27B5514A00809D1E /* View */,
				4727D8B127B5514200809D1E /* UI_458App.swift */,
				4727D8B327B5514200809D1E /* ContentView.swift */,
				4727D8B527B5514200809D1E /* Assets.xcassets */,
				4727D8B727B5514200809D1E /* Preview Content */,
			);
			path = "UI-458";
			sourceTree = "<group>";
		};
		4727D8B727B5514200809D1E /* Preview Content */ = {
			isa = PBXGroup;
			children = (
				4727D8B827B5514200809D1E /* Preview Assets.xcassets */,
			);
			path = "Preview Content";
			sourceTree = "<group>";
		};
		4727D8C127B5514300809D1E /* UI-458Tests */ = {
			isa = PBXGroup;
			children = (
				4727D8C227B5514300809D1E /* UI_458Tests.swift */,
			);
			path = "UI-458Tests";
			sourceTree = "<group>";
		};
		4727D8CB27B5514300809D1E /* UI-458UITests */ = {
			isa = PBXGroup;
			children = (
				4727D8CC27B5514300809D1E /* UI_458UITests.swift */,
				4727D8CE27B5514300809D1E /* UI_458UITestsLaunchTests.swift */,
			);
			path = "UI-458UITests";
			sourceTree = "<group>";
		};
		4727D8DB27B5514A00809D1E /* View */ = {
			isa = PBXGroup;
			children = (
				4727D8DF27B551B700809D1E /* OffsetPageTabView.swift */,
				4727D8E127B553B000809D1E /* onBoard.swift */,
			);
			path = View;
			sourceTree = "<group>";
		};
		4727D8DC27B5514E00809D1E /* Model */ = {
			isa = PBXGroup;
			children = (
				4727D8DD27B5516600809D1E /* BodingScreen.swift */,
			);
			path = Model;
			sourceTree = "<group>";
		};
		4727D8E327B553BC00809D1E /* Helpers */ = {
			isa = PBXGroup;
			children = (
				4727D8E427B553C900809D1E /* Extencions.swift */,
			);
			path = Helpers;
			sourceTree = "<group>";
		};
/* End PBXGroup section */

/* Begin PBXNativeTarget section */
		4727D8AD27B5514200809D1E /* UI-458 */ = {
			isa = PBXNativeTarget;
			buildConfigurationList = 4727D8D227B5514300809D1E /* Build configuration list for PBXNativeTarget "UI-458" */;
			buildPhases = (
				4727D8AA27B5514200809D1E /* Sources */,
				4727D8AB27B5514200809D1E /* Frameworks */,
				4727D8AC27B5514200809D1E /* Resources */,
			);
			buildRules = (
			);
			dependencies = (
			);
			name = "UI-458";
			productName = "UI-458";
			productReference = 4727D8AE27B5514200809D1E /* UI-458.app */;
			productType = "com.apple.product-type.application";
		};
		4727D8BD27B5514300809D1E /* UI-458Tests */ = {
			isa = PBXNativeTarget;
			buildConfigurationList = 4727D8D527B5514300809D1E /* Build configuration list for PBXNativeTarget "UI-458Tests" */;
			buildPhases = (
				4727D8BA27B5514300809D1E /* Sources */,
				4727D8BB27B5514300809D1E /* Frameworks */,
				4727D8BC27B5514300809D1E /* Resources */,
			);
			buildRules = (
			);
			dependencies = (
				4727D8C027B5514300809D1E /* PBXTargetDependency */,
			);
			name = "UI-458Tests";
			productName = "UI-458Tests";
			productReference = 4727D8BE27B5514300809D1E /* UI-458Tests.xctest */;
			productType = "com.apple.product-type.bundle.unit-test";
		};
		4727D8C727B5514300809D1E /* UI-458UITests */ = {
			isa = PBXNativeTarget;
			buildConfigurationList = 4727D8D827B5514300809D1E /* Build configuration list for PBXNativeTarget "UI-458UITests" */;
			buildPhases = (
				4727D8C427B5514300809D1E /* Sources */,
				4727D8C527B5514300809D1E /* Frameworks */,
				4727D8C627B5514300809D1E /* Resources */,
			);
			buildRules = (
			);
			dependencies = (
				4727D8CA27B5514300809D1E /* PBXTargetDependency */,
			);
			name = "UI-458UITests";
			productName = "UI-458UITests";
			productReference = 4727D8C827B5514300809D1E /* UI-458UITests.xctest */;
			productType = "com.apple.product-type.bundle.ui-testing";
		};
/* End PBXNativeTarget section */

/* Begin PBXProject section */
		4727D8A627B5514200809D1E /* Project object */ = {
			isa = PBXProject;
			attributes = {
				BuildIndependentTargetsInParallel = 1;
				LastSwiftUpdateCheck = 1320;
				LastUpgradeCheck = 1320;
				TargetAttributes = {
					4727D8AD27B5514200809D1E = {
						CreatedOnToolsVersion = 13.2.1;
					};
					4727D8BD27B5514300809D1E = {
						CreatedOnToolsVersion = 13.2.1;
						TestTargetID = 4727D8AD27B5514200809D1E;
					};
					4727D8C727B5514300809D1E = {
						CreatedOnToolsVersion = 13.2.1;
						TestTargetID = 4727D8AD27B5514200809D1E;
					};
				};
			};
			buildConfigurationList = 4727D8A927B5514200809D1E /* Build configuration list for PBXProject "UI-458" */;
			compatibilityVersion = "Xcode 13.0";
			developmentRegion = en;
			hasScannedForEncodings = 0;
			knownRegions = (
				en,
				Base,
			);
			mainGroup = 4727D8A527B5514200809D1E;
			productRefGroup = 4727D8AF27B5514200809D1E /* Products */;
			projectDirPath = "";
			projectRoot = "";
			targets = (
				4727D8AD27B5514200809D1E /* UI-458 */,
				4727D8BD27B5514300809D1E /* UI-458Tests */,
				4727D8C727B5514300809D1E /* UI-458UITests */,
			);
		};
/* End PBXProject section */

/* Begin PBXResourcesBuildPhase section */
		4727D8AC27B5514200809D1E /* Resources */ = {
			isa = PBXResourcesBuildPhase;
			buildActionMask = 2147483647;
			files = (
				4727D8B927B5514200809D1E /* Preview Assets.xcassets in Resources */,
				4727D8B627B5514200809D1E /* Assets.xcassets in Resources */,
			);
			runOnlyForDeploymentPostprocessing = 0;
		};
		4727D8BC27B5514300809D1E /* Resources */ = {
			isa = PBXResourcesBuildPhase;
			buildActionMask = 2147483647;
			files = (
			);
			runOnlyForDeploymentPostprocessing = 0;
		};
		4727D8C627B5514300809D1E /* Resources */ = {
			isa = PBXResourcesBuildPhase;
			buildActionMask = 2147483647;
			files = (
			);
			runOnlyForDeploymentPostprocessing = 0;
		};
/* End PBXResourcesBuildPhase section */

/* Begin PBXSourcesBuildPhase section */
		4727D8AA27B5514200809D1E /* Sources */ = {
			isa = PBXSourcesBuildPhase;
			buildActionMask = 2147483647;
			files = (
				4727D8E027B551B700809D1E /* OffsetPageTabView.swift in Sources */,
				4727D8E527B553C900809D1E /* Extencions.swift in Sources */,
				4727D8B427B5514200809D1E /* ContentView.swift in Sources */,
				4727D8B227B5514200809D1E /* UI_458App.swift in Sources */,
				4727D8DE27B5516600809D1E /* BodingScreen.swift in Sources */,
				4727D8E227B553B000809D1E /* onBoard.swift in Sources */,
			);
			runOnlyForDeploymentPostprocessing = 0;
		};
		4727D8BA27B5514300809D1E /* Sources */ = {
			isa = PBXSourcesBuildPhase;
			buildActionMask = 2147483647;
			files = (
				4727D8C327B5514300809D1E /* UI_458Tests.swift in Sources */,
			);
			runOnlyForDeploymentPostprocessing = 0;
		};
		4727D8C427B5514300809D1E /* Sources */ = {
			isa = PBXSourcesBuildPhase;
			buildActionMask = 2147483647;
			files = (
				4727D8CF27B5514300809D1E /* UI_458UITestsLaunchTests.swift in Sources */,
				4727D8CD27B5514300809D1E /* UI_458UITests.swift in Sources */,
			);
			runOnlyForDeploymentPostprocessing = 0;
		};
/* End PBXSourcesBuildPhase section */

/* Begin PBXTargetDependency section */
		4727D8C027B5514300809D1E /* PBXTargetDependency */ = {
			isa = PBXTargetDependency;
			target = 4727D8AD27B5514200809D1E /* UI-458 */;
			targetProxy = 4727D8BF27B5514300809D1E /* PBXContainerItemProxy */;
		};
		4727D8CA27B5514300809D1E /* PBXTargetDependency */ = {
			isa = PBXTargetDependency;
			target = 4727D8AD27B5514200809D1E /* UI-458 */;
			targetProxy = 4727D8C927B5514300809D1E /* PBXContainerItemProxy */;
		};
/* End PBXTargetDependency section */

/* Begin XCBuildConfiguration section */
		4727D8D027B5514300809D1E /* Debug */ = {
			isa = XCBuildConfiguration;
			buildSettings = {
				ALWAYS_SEARCH_USER_PATHS = NO;
				CLANG_ANALYZER_NONNULL = YES;
				CLANG_ANALYZER_NUMBER_OBJECT_CONVERSION = YES_AGGRESSIVE;
				CLANG_CXX_LANGUAGE_STANDARD = "gnu++17";
				CLANG_CXX_LIBRARY = "libc++";
				CLANG_ENABLE_MODULES = YES;
				CLANG_ENABLE_OBJC_ARC = YES;
				CLANG_ENABLE_OBJC_WEAK = YES;
				CLANG_WARN_BLOCK_CAPTURE_AUTORELEASING = YES;
				CLANG_WARN_BOOL_CONVERSION = YES;
				CLANG_WARN_COMMA = YES;
				CLANG_WARN_CONSTANT_CONVERSION = YES;
				CLANG_WARN_DEPRECATED_OBJC_IMPLEMENTATIONS = YES;
				CLANG_WARN_DIRECT_OBJC_ISA_USAGE = YES_ERROR;
				CLANG_WARN_DOCUMENTATION_COMMENTS = YES;
				CLANG_WARN_EMPTY_BODY = YES;
				CLANG_WARN_ENUM_CONVERSION = YES;
				CLANG_WARN_INFINITE_RECURSION = YES;
				CLANG_WARN_INT_CONVERSION = YES;
				CLANG_WARN_NON_LITERAL_NULL_CONVERSION = YES;
				CLANG_WARN_OBJC_IMPLICIT_RETAIN_SELF = YES;
				CLANG_WARN_OBJC_LITERAL_CONVERSION = YES;
				CLANG_WARN_OBJC_ROOT_CLASS = YES_ERROR;
				CLANG_WARN_QUOTED_INCLUDE_IN_FRAMEWORK_HEADER = YES;
				CLANG_WARN_RANGE_LOOP_ANALYSIS = YES;
				CLANG_WARN_STRICT_PROTOTYPES = YES;
				CLANG_WARN_SUSPICIOUS_MOVE = YES;
				CLANG_WARN_UNGUARDED_AVAILABILITY = YES_AGGRESSIVE;
				CLANG_WARN_UNREACHABLE_CODE = YES;
				CLANG_WARN__DUPLICATE_METHOD_MATCH = YES;
				COPY_PHASE_STRIP = NO;
				DEBUG_INFORMATION_FORMAT = dwarf;
				ENABLE_STRICT_OBJC_MSGSEND = YES;
				ENABLE_TESTABILITY = YES;
				GCC_C_LANGUAGE_STANDARD = gnu11;
				GCC_DYNAMIC_NO_PIC = NO;
				GCC_NO_COMMON_BLOCKS = YES;
				GCC_OPTIMIZATION_LEVEL = 0;
				GCC_PREPROCESSOR_DEFINITIONS = (
					"DEBUG=1",
					"$(inherited)",
				);
				GCC_WARN_64_TO_32_BIT_CONVERSION = YES;
				GCC_WARN_ABOUT_RETURN_TYPE = YES_ERROR;
				GCC_WARN_UNDECLARED_SELECTOR = YES;
				GCC_WARN_UNINITIALIZED_AUTOS = YES_AGGRESSIVE;
				GCC_WARN_UNUSED_FUNCTION = YES;
				GCC_WARN_UNUSED_VARIABLE = YES;
				IPHONEOS_DEPLOYMENT_TARGET = 15.2;
				MTL_ENABLE_DEBUG_INFO = INCLUDE_SOURCE;
				MTL_FAST_MATH = YES;
				ONLY_ACTIVE_ARCH = YES;
				SDKROOT = iphoneos;
				SWIFT_ACTIVE_COMPILATION_CONDITIONS = DEBUG;
				SWIFT_OPTIMIZATION_LEVEL = "-Onone";
			};
			name = Debug;
		};
		4727D8D127B5514300809D1E /* Release */ = {
			isa = XCBuildConfiguration;
			buildSettings = {
				ALWAYS_SEARCH_USER_PATHS = NO;
				CLANG_ANALYZER_NONNULL = YES;
				CLANG_ANALYZER_NUMBER_OBJECT_CONVERSION = YES_AGGRESSIVE;
				CLANG_CXX_LANGUAGE_STANDARD = "gnu++17";
				CLANG_CXX_LIBRARY = "libc++";
				CLANG_ENABLE_MODULES = YES;
				CLANG_ENABLE_OBJC_ARC = YES;
				CLANG_ENABLE_OBJC_WEAK = YES;
				CLANG_WARN_BLOCK_CAPTURE_AUTORELEASING = YES;
				CLANG_WARN_BOOL_CONVERSION = YES;
				CLANG_WARN_COMMA = YES;
				CLANG_WARN_CONSTANT_CONVERSION = YES;
				CLANG_WARN_DEPRECATED_OBJC_IMPLEMENTATIONS = YES;
				CLANG_WARN_DIRECT_OBJC_ISA_USAGE = YES_ERROR;
				CLANG_WARN_DOCUMENTATION_COMMENTS = YES;
				CLANG_WARN_EMPTY_BODY = YES;
				CLANG_WARN_ENUM_CONVERSION = YES;
				CLANG_WARN_INFINITE_RECURSION = YES;
				CLANG_WARN_INT_CONVERSION = YES;
				CLANG_WARN_NON_LITERAL_NULL_CONVERSION = YES;
				CLANG_WARN_OBJC_IMPLICIT_RETAIN_SELF = YES;
				CLANG_WARN_OBJC_LITERAL_CONVERSION = YES;
				CLANG_WARN_OBJC_ROOT_CLASS = YES_ERROR;
				CLANG_WARN_QUOTED_INCLUDE_IN_FRAMEWORK_HEADER = YES;
				CLANG_WARN_RANGE_LOOP_ANALYSIS = YES;
				CLANG_WARN_STRICT_PROTOTYPES = YES;
				CLANG_WARN_SUSPICIOUS_MOVE = YES;
				CLANG_WARN_UNGUARDED_AVAILABILITY = YES_AGGRESSIVE;
				CLANG_WARN_UNREACHABLE_CODE = YES;
				CLANG_WARN__DUPLICATE_METHOD_MATCH = YES;
				COPY_PHASE_STRIP = NO;
				DEBUG_INFORMATION_FORMAT = "dwarf-with-dsym";
				ENABLE_NS_ASSERTIONS = NO;
				ENABLE_STRICT_OBJC_MSGSEND = YES;
				GCC_C_LANGUAGE_STANDARD = gnu11;
				GCC_NO_COMMON_BLOCKS = YES;
				GCC_WARN_64_TO_32_BIT_CONVERSION = YES;
				GCC_WARN_ABOUT_RETURN_TYPE = YES_ERROR;
				GCC_WARN_UNDECLARED_SELECTOR = YES;
				GCC_WARN_UNINITIALIZED_AUTOS = YES_AGGRESSIVE;
				GCC_WARN_UNUSED_FUNCTION = YES;
				GCC_WARN_UNUSED_VARIABLE = YES;
				IPHONEOS_DEPLOYMENT_TARGET = 15.2;
				MTL_ENABLE_DEBUG_INFO = NO;
				MTL_FAST_MATH = YES;
				SDKROOT = iphoneos;
				SWIFT_COMPILATION_MODE = wholemodule;
				SWIFT_OPTIMIZATION_LEVEL = "-O";
				VALIDATE_PRODUCT = YES;
			};
			name = Release;
		};
		4727D8D327B5514300809D1E /* Debug */ = {
			isa = XCBuildConfiguration;
			buildSettings = {
				ASSETCATALOG_COMPILER_APPICON_NAME = AppIcon;
				ASSETCATALOG_COMPILER_GLOBAL_ACCENT_COLOR_NAME = AccentColor;
				CODE_SIGN_STYLE = Automatic;
				CURRENT_PROJECT_VERSION = 1;
				DEVELOPMENT_ASSET_PATHS = "\"UI-458/Preview Content\"";
				DEVELOPMENT_TEAM = 8CL4U468K5;
				ENABLE_PREVIEWS = YES;
				GENERATE_INFOPLIST_FILE = YES;
				INFOPLIST_KEY_UIApplicationSceneManifest_Generation = YES;
				INFOPLIST_KEY_UIApplicationSupportsIndirectInputEvents = YES;
				INFOPLIST_KEY_UILaunchScreen_Generation = YES;
				INFOPLIST_KEY_UISupportedInterfaceOrientations_iPad = "UIInterfaceOrientationPortrait UIInterfaceOrientationPortraitUpsideDown UIInterfaceOrientationLandscapeLeft UIInterfaceOrientationLandscapeRight";
				INFOPLIST_KEY_UISupportedInterfaceOrientations_iPhone = "UIInterfaceOrientationPortrait UIInterfaceOrientationLandscapeLeft UIInterfaceOrientationLandscapeRight";
				LD_RUNPATH_SEARCH_PATHS = (
					"$(inherited)",
					"@executable_path/Frameworks",
				);
				MARKETING_VERSION = 1.0;
				PRODUCT_BUNDLE_IDENTIFIER = "com.585.UI-458";
				PRODUCT_NAME = "$(TARGET_NAME)";
				SWIFT_EMIT_LOC_STRINGS = YES;
				SWIFT_VERSION = 5.0;
				TARGETED_DEVICE_FAMILY = "1,2";
			};
			name = Debug;
		};
		4727D8D427B5514300809D1E /* Release */ = {
			isa = XCBuildConfiguration;
			buildSettings = {
				ASSETCATALOG_COMPILER_APPICON_NAME = AppIcon;
				ASSETCATALOG_COMPILER_GLOBAL_ACCENT_COLOR_NAME = AccentColor;
				CODE_SIGN_STYLE = Automatic;
				CURRENT_PROJECT_VERSION = 1;
				DEVELOPMENT_ASSET_PATHS = "\"UI-458/Preview Content\"";
				DEVELOPMENT_TEAM = 8CL4U468K5;
				ENABLE_PREVIEWS = YES;
				GENERATE_INFOPLIST_FILE = YES;
				INFOPLIST_KEY_UIApplicationSceneManifest_Generation = YES;
				INFOPLIST_KEY_UIApplicationSupportsIndirectInputEvents = YES;
				INFOPLIST_KEY_UILaunchScreen_Generation = YES;
				INFOPLIST_KEY_UISupportedInterfaceOrientations_iPad = "UIInterfaceOrientationPortrait UIInterfaceOrientationPortraitUpsideDown UIInterfaceOrientationLandscapeLeft UIInterfaceOrientationLandscapeRight";
				INFOPLIST_KEY_UISupportedInterfaceOrientations_iPhone = "UIInterfaceOrientationPortrait UIInterfaceOrientationLandscapeLeft UIInterfaceOrientationLandscapeRight";
				LD_RUNPATH_SEARCH_PATHS = (
					"$(inherited)",
					"@executable_path/Frameworks",
				);
				MARKETING_VERSION = 1.0;
				PRODUCT_BUNDLE_IDENTIFIER = "com.585.UI-458";
				PRODUCT_NAME = "$(TARGET_NAME)";
				SWIFT_EMIT_LOC_STRINGS = YES;
				SWIFT_VERSION = 5.0;
				TARGETED_DEVICE_FAMILY = "1,2";
			};
			name = Release;
		};
		4727D8D627B5514300809D1E /* Debug */ = {
			isa = XCBuildConfiguration;
			buildSettings = {
				ALWAYS_EMBED_SWIFT_STANDARD_LIBRARIES = YES;
				BUNDLE_LOADER = "$(TEST_HOST)";
				CODE_SIGN_STYLE = Automatic;
				CURRENT_PROJECT_VERSION = 1;
				DEVELOPMENT_TEAM = 8CL4U468K5;
				GENERATE_INFOPLIST_FILE = YES;
				IPHONEOS_DEPLOYMENT_TARGET = 15.2;
				MARKETING_VERSION = 1.0;
				PRODUCT_BUNDLE_IDENTIFIER = "com.585.UI-458Tests";
				PRODUCT_NAME = "$(TARGET_NAME)";
				SWIFT_EMIT_LOC_STRINGS = NO;
				SWIFT_VERSION = 5.0;
				TARGETED_DEVICE_FAMILY = "1,2";
				TEST_HOST = "$(BUILT_PRODUCTS_DIR)/UI-458.app/UI-458";
			};
			name = Debug;
		};
		4727D8D727B5514300809D1E /* Release */ = {
			isa = XCBuildConfiguration;
			buildSettings = {
				ALWAYS_EMBED_SWIFT_STANDARD_LIBRARIES = YES;
				BUNDLE_LOADER = "$(TEST_HOST)";
				CODE_SIGN_STYLE = Automatic;
				CURRENT_PROJECT_VERSION = 1;
				DEVELOPMENT_TEAM = 8CL4U468K5;
				GENERATE_INFOPLIST_FILE = YES;
				IPHONEOS_DEPLOYMENT_TARGET = 15.2;
				MARKETING_VERSION = 1.0;
				PRODUCT_BUNDLE_IDENTIFIER = "com.585.UI-458Tests";
				PRODUCT_NAME = "$(TARGET_NAME)";
				SWIFT_EMIT_LOC_STRINGS = NO;
				SWIFT_VERSION = 5.0;
				TARGETED_DEVICE_FAMILY = "1,2";
				TEST_HOST = "$(BUILT_PRODUCTS_DIR)/UI-458.app/UI-458";
			};
			name = Release;
		};
		4727D8D927B5514300809D1E /* Debug */ = {
			isa = XCBuildConfiguration;
			buildSettings = {
				ALWAYS_EMBED_SWIFT_STANDARD_LIBRARIES = YES;
				CODE_SIGN_STYLE = Automatic;
				CURRENT_PROJECT_VERSION = 1;
				DEVELOPMENT_TEAM = 8CL4U468K5;
				GENERATE_INFOPLIST_FILE = YES;
				MARKETING_VERSION = 1.0;
				PRODUCT_BUNDLE_IDENTIFIER = "com.585.UI-458UITests";
				PRODUCT_NAME = "$(TARGET_NAME)";
				SWIFT_EMIT_LOC_STRINGS = NO;
				SWIFT_VERSION = 5.0;
				TARGETED_DEVICE_FAMILY = "1,2";
				TEST_TARGET_NAME = "UI-458";
			};
			name = Debug;
		};
		4727D8DA27B5514300809D1E /* Release */ = {
			isa = XCBuildConfiguration;
			buildSettings = {
				ALWAYS_EMBED_SWIFT_STANDARD_LIBRARIES = YES;
				CODE_SIGN_STYLE = Automatic;
				CURRENT_PROJECT_VERSION = 1;
				DEVELOPMENT_TEAM = 8CL4U468K5;
				GENERATE_INFOPLIST_FILE = YES;
				MARKETING_VERSION = 1.0;
				PRODUCT_BUNDLE_IDENTIFIER = "com.585.UI-458UITests";
				PRODUCT_NAME = "$(TARGET_NAME)";
				SWIFT_EMIT_LOC_STRINGS = NO;
				SWIFT_VERSION = 5.0;
				TARGETED_DEVICE_FAMILY = "1,2";
				TEST_TARGET_NAME = "UI-458";
			};
			name = Release;
		};
/* End XCBuildConfiguration section */

/* Begin XCConfigurationList section */
		4727D8A927B5514200809D1E /* Build configuration list for PBXProject "UI-458" */ = {
			isa = XCConfigurationList;
			buildConfigurations = (
				4727D8D027B5514300809D1E /* Debug */,
				4727D8D127B5514300809D1E /* Release */,
			);
			defaultConfigurationIsVisible = 0;
			defaultConfigurationName = Release;
		};
		4727D8D227B5514300809D1E /* Build configuration list for PBXNativeTarget "UI-458" */ = {
			isa = XCConfigurationList;
			buildConfigurations = (
				4727D8D327B5514300809D1E /* Debug */,
				4727D8D427B5514300809D1E /* Release */,
			);
			defaultConfigurationIsVisible = 0;
			defaultConfigurationName = Release;
		};
		4727D8D527B5514300809D1E /* Build configuration list for PBXNativeTarget "UI-458Tests" */ = {
			isa = XCConfigurationList;
			buildConfigurations = (
				4727D8D627B5514300809D1E /* Debug */,
				4727D8D727B5514300809D1E /* Release */,
			);
			defaultConfigurationIsVisible = 0;
			defaultConfigurationName = Release;
		};
		4727D8D827B5514300809D1E /* Build configuration list for PBXNativeTarget "UI-458UITests" */ = {
			isa = XCConfigurationList;
			buildConfigurations = (
				4727D8D927B5514300809D1E /* Debug */,
				4727D8DA27B5514300809D1E /* Release */,
			);
			defaultConfigurationIsVisible = 0;
			defaultConfigurationName = Release;
		};
/* End XCConfigurationList section */
	};
	rootObject = 4727D8A627B5514200809D1E /* Project object */;
}
